PODS:
  - M3U8Kit2 (0.0.8)
  - mAVr (0.1.1):
    - M3U8Kit2

DEPENDENCIES:
  - M3U8Kit2 (from `https://github.com/aikdong/M3U8Paser.git`)
  - mAVr (from `../`)

EXTERNAL SOURCES:
  M3U8Kit2:
    :git: https://github.com/aikdong/M3U8Paser.git
  mAVr:
    :path: ../

CHECKOUT OPTIONS:
  M3U8Kit2:
    :commit: 7d75f85c9ebdec3512acae95ae83f46b8bc6f3bf
    :git: https://github.com/aikdong/M3U8Paser.git

SPEC CHECKSUMS:
  M3U8Kit2: f71c822083d31e7abc1c6006c4716fc04c084db6
  mAVr: 7746dbbd1321b751c90291d99f08ea718b958e68

PODFILE CHECKSUM: e3c9d418b84b6dba2750ad6ca98192cf0338884e

COCOAPODS: 1.1.1
