PODS:
  - M3U8Parser (0.1.0)

DEPENDENCIES:
  - M3U8Parser (from `https://github.com/justMaku/M3U8Parser.git`)

EXTERNAL SOURCES:
  M3U8Parser:
    :git: https://github.com/justMaku/M3U8Parser.git

CHECKOUT OPTIONS:
  M3U8Parser:
    :commit: 0e5021a9c92246e94954d4f61a8bf6c196e844f6
    :git: https://github.com/justMaku/M3U8Parser.git

SPEC CHECKSUMS:
  M3U8Parser: 80f0161d5e2c14fd5dfc609c9eef89ea64edb25f

COCOAPODS: 0.35.0
