// !$*UTF8*$!
{
	archiveVersion = 1;
	classes = {
	};
	objectVersion = 46;
	objects = {

/* Begin PBXBuildFile section */
		803DF7A91A9150ED00ED2181 /* MAVRControlsView.m in Sources */ = {isa = PBXBuildFile; fileRef = 803DF7A61A9150ED00ED2181 /* MAVRControlsView.m */; };
		803DF7AA1A9150ED00ED2181 /* MAVRMainView.m in Sources */ = {isa = PBXBuildFile; fileRef = 803DF7A81A9150ED00ED2181 /* MAVRMainView.m */; };
		803DF7AE1A916CE900ED2181 /* MAVRUITimeline.m in Sources */ = {isa = PBXBuildFile; fileRef = 803DF7AD1A916CE900ED2181 /* MAVRUITimeline.m */; };
		803DF7B01A92C06B00ED2181 /* MAVRUILoadingBar.m in Sources */ = {isa = PBXBuildFile; fileRef = 803DF7AF1A92C06B00ED2181 /* MAVRUILoadingBar.m */; };
		806446DA1A8EB6AA00877AF0 /* main.m in Sources */ = {isa = PBXBuildFile; fileRef = 806446D91A8EB6AA00877AF0 /* main.m */; };
		806446DD1A8EB6AA00877AF0 /* AppDelegate.m in Sources */ = {isa = PBXBuildFile; fileRef = 806446DC1A8EB6AA00877AF0 /* AppDelegate.m */; };
		806446E01A8EB6AA00877AF0 /* ViewController.m in Sources */ = {isa = PBXBuildFile; fileRef = 806446DF1A8EB6AA00877AF0 /* ViewController.m */; };
		806446E31A8EB6AA00877AF0 /* Main.storyboard in Resources */ = {isa = PBXBuildFile; fileRef = 806446E11A8EB6AA00877AF0 /* Main.storyboard */; };
		806446E51A8EB6AA00877AF0 /* Images.xcassets in Resources */ = {isa = PBXBuildFile; fileRef = 806446E41A8EB6AA00877AF0 /* Images.xcassets */; };
		806446E81A8EB6AA00877AF0 /* LaunchScreen.xib in Resources */ = {isa = PBXBuildFile; fileRef = 806446E61A8EB6AA00877AF0 /* LaunchScreen.xib */; };
		806446F41A8EB6AA00877AF0 /* mAVrTests.m in Sources */ = {isa = PBXBuildFile; fileRef = 806446F31A8EB6AA00877AF0 /* mAVrTests.m */; };
		806446FF1A8EB76700877AF0 /* MAVRPlayer.m in Sources */ = {isa = PBXBuildFile; fileRef = 806446FE1A8EB76700877AF0 /* MAVRPlayer.m */; };
		806447031A8EBDAE00877AF0 /* AVFoundation.framework in Frameworks */ = {isa = PBXBuildFile; fileRef = 806447021A8EBDAE00877AF0 /* AVFoundation.framework */; };
		DEC7153D656535FAB8A7A010 /* libPods-mAVr.a in Frameworks */ = {isa = PBXBuildFile; fileRef = 013365EAB264FF8EBC7F8D85 /* libPods-mAVr.a */; };
/* End PBXBuildFile section */

/* Begin PBXContainerItemProxy section */
		806446EE1A8EB6AA00877AF0 /* PBXContainerItemProxy */ = {
			isa = PBXContainerItemProxy;
			containerPortal = 806446CC1A8EB6A900877AF0 /* Project object */;
			proxyType = 1;
			remoteGlobalIDString = 806446D31A8EB6AA00877AF0;
			remoteInfo = mAVr;
		};
/* End PBXContainerItemProxy section */

/* Begin PBXFileReference section */
		013365EAB264FF8EBC7F8D85 /* libPods-mAVr.a */ = {isa = PBXFileReference; explicitFileType = archive.ar; includeInIndex = 0; path = "libPods-mAVr.a"; sourceTree = BUILT_PRODUCTS_DIR; };
		09C55B5585F7BD43DF057B11 /* Pods-mAVr.release.xcconfig */ = {isa = PBXFileReference; includeInIndex = 1; lastKnownFileType = text.xcconfig; name = "Pods-mAVr.release.xcconfig"; path = "Pods/Target Support Files/Pods-mAVr/Pods-mAVr.release.xcconfig"; sourceTree = "<group>"; };
		803DF7A31A91505800ED2181 /* MAVRPlayerDelegate.h */ = {isa = PBXFileReference; fileEncoding = 4; lastKnownFileType = sourcecode.c.h; name = MAVRPlayerDelegate.h; path = core/MAVRPlayerDelegate.h; sourceTree = "<group>"; };
		803DF7A51A9150ED00ED2181 /* MAVRControlsView.h */ = {isa = PBXFileReference; fileEncoding = 4; lastKnownFileType = sourcecode.c.h; path = MAVRControlsView.h; sourceTree = "<group>"; };
		803DF7A61A9150ED00ED2181 /* MAVRControlsView.m */ = {isa = PBXFileReference; fileEncoding = 4; lastKnownFileType = sourcecode.c.objc; path = MAVRControlsView.m; sourceTree = "<group>"; };
		803DF7A71A9150ED00ED2181 /* MAVRMainView.h */ = {isa = PBXFileReference; fileEncoding = 4; lastKnownFileType = sourcecode.c.h; path = MAVRMainView.h; sourceTree = "<group>"; };
		803DF7A81A9150ED00ED2181 /* MAVRMainView.m */ = {isa = PBXFileReference; fileEncoding = 4; lastKnownFileType = sourcecode.c.objc; path = MAVRMainView.m; sourceTree = "<group>"; };
		803DF7AB1A916C9900ED2181 /* MAVRUITimeline.h */ = {isa = PBXFileReference; fileEncoding = 4; lastKnownFileType = sourcecode.c.h; path = MAVRUITimeline.h; sourceTree = "<group>"; };
		803DF7AD1A916CE900ED2181 /* MAVRUITimeline.m */ = {isa = PBXFileReference; fileEncoding = 4; lastKnownFileType = sourcecode.c.objc; path = MAVRUITimeline.m; sourceTree = "<group>"; };
		803DF7AF1A92C06B00ED2181 /* MAVRUILoadingBar.m */ = {isa = PBXFileReference; fileEncoding = 4; lastKnownFileType = sourcecode.c.objc; path = MAVRUILoadingBar.m; sourceTree = "<group>"; };
		803DF7B11A92C07D00ED2181 /* MAVRUILoadingBar.h */ = {isa = PBXFileReference; fileEncoding = 4; lastKnownFileType = sourcecode.c.h; path = MAVRUILoadingBar.h; sourceTree = "<group>"; };
		803DF7E21A949E7F00ED2181 /* MAVRPlayer.h */ = {isa = PBXFileReference; fileEncoding = 4; lastKnownFileType = sourcecode.c.h; name = MAVRPlayer.h; path = core/MAVRPlayer.h; sourceTree = "<group>"; };
		806446D41A8EB6AA00877AF0 /* mAVr.app */ = {isa = PBXFileReference; explicitFileType = wrapper.application; includeInIndex = 0; path = mAVr.app; sourceTree = BUILT_PRODUCTS_DIR; };
		806446D81A8EB6AA00877AF0 /* Info.plist */ = {isa = PBXFileReference; lastKnownFileType = text.plist.xml; path = Info.plist; sourceTree = "<group>"; };
		806446D91A8EB6AA00877AF0 /* main.m */ = {isa = PBXFileReference; lastKnownFileType = sourcecode.c.objc; path = main.m; sourceTree = "<group>"; };
		806446DB1A8EB6AA00877AF0 /* AppDelegate.h */ = {isa = PBXFileReference; lastKnownFileType = sourcecode.c.h; path = AppDelegate.h; sourceTree = "<group>"; };
		806446DC1A8EB6AA00877AF0 /* AppDelegate.m */ = {isa = PBXFileReference; lastKnownFileType = sourcecode.c.objc; path = AppDelegate.m; sourceTree = "<group>"; };
		806446DE1A8EB6AA00877AF0 /* ViewController.h */ = {isa = PBXFileReference; lastKnownFileType = sourcecode.c.h; path = ViewController.h; sourceTree = "<group>"; };
		806446DF1A8EB6AA00877AF0 /* ViewController.m */ = {isa = PBXFileReference; lastKnownFileType = sourcecode.c.objc; path = ViewController.m; sourceTree = "<group>"; };
		806446E21A8EB6AA00877AF0 /* Base */ = {isa = PBXFileReference; lastKnownFileType = file.storyboard; name = Base; path = Base.lproj/Main.storyboard; sourceTree = "<group>"; };
		806446E41A8EB6AA00877AF0 /* Images.xcassets */ = {isa = PBXFileReference; lastKnownFileType = folder.assetcatalog; path = Images.xcassets; sourceTree = "<group>"; };
		806446E71A8EB6AA00877AF0 /* Base */ = {isa = PBXFileReference; lastKnownFileType = file.xib; name = Base; path = Base.lproj/LaunchScreen.xib; sourceTree = "<group>"; };
		806446ED1A8EB6AA00877AF0 /* mAVrTests.xctest */ = {isa = PBXFileReference; explicitFileType = wrapper.cfbundle; includeInIndex = 0; path = mAVrTests.xctest; sourceTree = BUILT_PRODUCTS_DIR; };
		806446F21A8EB6AA00877AF0 /* Info.plist */ = {isa = PBXFileReference; lastKnownFileType = text.plist.xml; path = Info.plist; sourceTree = "<group>"; };
		806446F31A8EB6AA00877AF0 /* mAVrTests.m */ = {isa = PBXFileReference; lastKnownFileType = sourcecode.c.objc; path = mAVrTests.m; sourceTree = "<group>"; };
		806446FE1A8EB76700877AF0 /* MAVRPlayer.m */ = {isa = PBXFileReference; fileEncoding = 4; lastKnownFileType = sourcecode.c.objc; name = MAVRPlayer.m; path = core/MAVRPlayer.m; sourceTree = "<group>"; };
		806447021A8EBDAE00877AF0 /* AVFoundation.framework */ = {isa = PBXFileReference; lastKnownFileType = wrapper.framework; name = AVFoundation.framework; path = System/Library/Frameworks/AVFoundation.framework; sourceTree = SDKROOT; };
		BF8C7C7206E54AFD630053DF /* Pods-mAVr.debug.xcconfig */ = {isa = PBXFileReference; includeInIndex = 1; lastKnownFileType = text.xcconfig; name = "Pods-mAVr.debug.xcconfig"; path = "Pods/Target Support Files/Pods-mAVr/Pods-mAVr.debug.xcconfig"; sourceTree = "<group>"; };
/* End PBXFileReference section */

/* Begin PBXFrameworksBuildPhase section */
		806446D11A8EB6AA00877AF0 /* Frameworks */ = {
			isa = PBXFrameworksBuildPhase;
			buildActionMask = 2147483647;
			files = (
				806447031A8EBDAE00877AF0 /* AVFoundation.framework in Frameworks */,
				DEC7153D656535FAB8A7A010 /* libPods-mAVr.a in Frameworks */,
			);
			runOnlyForDeploymentPostprocessing = 0;
		};
		806446EA1A8EB6AA00877AF0 /* Frameworks */ = {
			isa = PBXFrameworksBuildPhase;
			buildActionMask = 2147483647;
			files = (
			);
			runOnlyForDeploymentPostprocessing = 0;
		};
/* End PBXFrameworksBuildPhase section */

/* Begin PBXGroup section */
		318D3D61E01FE2DBA1D7B58B /* Pods */ = {
			isa = PBXGroup;
			children = (
				BF8C7C7206E54AFD630053DF /* Pods-mAVr.debug.xcconfig */,
				09C55B5585F7BD43DF057B11 /* Pods-mAVr.release.xcconfig */,
			);
			name = Pods;
			sourceTree = "<group>";
		};
		6D4D5DA085E3DE558EFECF40 /* Frameworks */ = {
			isa = PBXGroup;
			children = (
				806447021A8EBDAE00877AF0 /* AVFoundation.framework */,
				013365EAB264FF8EBC7F8D85 /* libPods-mAVr.a */,
			);
			name = Frameworks;
			sourceTree = "<group>";
		};
		803DF7A41A9150ED00ED2181 /* view */ = {
			isa = PBXGroup;
			children = (
				803DF7A51A9150ED00ED2181 /* MAVRControlsView.h */,
				803DF7A61A9150ED00ED2181 /* MAVRControlsView.m */,
				803DF7A71A9150ED00ED2181 /* MAVRMainView.h */,
				803DF7A81A9150ED00ED2181 /* MAVRMainView.m */,
				803DF7AB1A916C9900ED2181 /* MAVRUITimeline.h */,
				803DF7AD1A916CE900ED2181 /* MAVRUITimeline.m */,
				803DF7B11A92C07D00ED2181 /* MAVRUILoadingBar.h */,
				803DF7AF1A92C06B00ED2181 /* MAVRUILoadingBar.m */,
			);
			path = view;
			sourceTree = "<group>";
		};
		806446CB1A8EB6A900877AF0 = {
			isa = PBXGroup;
			children = (
				806446D61A8EB6AA00877AF0 /* mAVr */,
				806446F01A8EB6AA00877AF0 /* mAVrTests */,
				806446D51A8EB6AA00877AF0 /* Products */,
				318D3D61E01FE2DBA1D7B58B /* Pods */,
				6D4D5DA085E3DE558EFECF40 /* Frameworks */,
			);
			sourceTree = "<group>";
		};
		806446D51A8EB6AA00877AF0 /* Products */ = {
			isa = PBXGroup;
			children = (
				806446D41A8EB6AA00877AF0 /* mAVr.app */,
				806446ED1A8EB6AA00877AF0 /* mAVrTests.xctest */,
			);
			name = Products;
			sourceTree = "<group>";
		};
		806446D61A8EB6AA00877AF0 /* mAVr */ = {
			isa = PBXGroup;
			children = (
				806446FD1A8EB72500877AF0 /* core */,
				803DF7A41A9150ED00ED2181 /* view */,
				806446DB1A8EB6AA00877AF0 /* AppDelegate.h */,
				806446DC1A8EB6AA00877AF0 /* AppDelegate.m */,
				806446DE1A8EB6AA00877AF0 /* ViewController.h */,
				806446DF1A8EB6AA00877AF0 /* ViewController.m */,
				806446E11A8EB6AA00877AF0 /* Main.storyboard */,
				806446E61A8EB6AA00877AF0 /* LaunchScreen.xib */,
				806446E41A8EB6AA00877AF0 /* Images.xcassets */,
				806446D71A8EB6AA00877AF0 /* Supporting Files */,
			);
			path = mAVr;
			sourceTree = "<group>";
		};
		806446D71A8EB6AA00877AF0 /* Supporting Files */ = {
			isa = PBXGroup;
			children = (
				806446D81A8EB6AA00877AF0 /* Info.plist */,
				806446D91A8EB6AA00877AF0 /* main.m */,
			);
			name = "Supporting Files";
			sourceTree = "<group>";
		};
		806446F01A8EB6AA00877AF0 /* mAVrTests */ = {
			isa = PBXGroup;
			children = (
				806446F31A8EB6AA00877AF0 /* mAVrTests.m */,
				806446F11A8EB6AA00877AF0 /* Supporting Files */,
			);
			path = mAVrTests;
			sourceTree = "<group>";
		};
		806446F11A8EB6AA00877AF0 /* Supporting Files */ = {
			isa = PBXGroup;
			children = (
				806446F21A8EB6AA00877AF0 /* Info.plist */,
			);
			name = "Supporting Files";
			sourceTree = "<group>";
		};
		806446FD1A8EB72500877AF0 /* core */ = {
			isa = PBXGroup;
			children = (
				803DF7A31A91505800ED2181 /* MAVRPlayerDelegate.h */,
				803DF7E21A949E7F00ED2181 /* MAVRPlayer.h */,
				806446FE1A8EB76700877AF0 /* MAVRPlayer.m */,
			);
			name = core;
			sourceTree = "<group>";
		};
/* End PBXGroup section */

/* Begin PBXNativeTarget section */
		806446D31A8EB6AA00877AF0 /* mAVr */ = {
			isa = PBXNativeTarget;
			buildConfigurationList = 806446F71A8EB6AA00877AF0 /* Build configuration list for PBXNativeTarget "mAVr" */;
			buildPhases = (
				27F3BFF48BF03C724B2A32C5 /* Check Pods Manifest.lock */,
				806446D01A8EB6AA00877AF0 /* Sources */,
				806446D11A8EB6AA00877AF0 /* Frameworks */,
				806446D21A8EB6AA00877AF0 /* Resources */,
				3D6B9153A6DD01B57F702643 /* Copy Pods Resources */,
			);
			buildRules = (
			);
			dependencies = (
			);
			name = mAVr;
			productName = mAVr;
			productReference = 806446D41A8EB6AA00877AF0 /* mAVr.app */;
			productType = "com.apple.product-type.application";
		};
		806446EC1A8EB6AA00877AF0 /* mAVrTests */ = {
			isa = PBXNativeTarget;
			buildConfigurationList = 806446FA1A8EB6AA00877AF0 /* Build configuration list for PBXNativeTarget "mAVrTests" */;
			buildPhases = (
				806446E91A8EB6AA00877AF0 /* Sources */,
				806446EA1A8EB6AA00877AF0 /* Frameworks */,
				806446EB1A8EB6AA00877AF0 /* Resources */,
			);
			buildRules = (
			);
			dependencies = (
				806446EF1A8EB6AA00877AF0 /* PBXTargetDependency */,
			);
			name = mAVrTests;
			productName = mAVrTests;
			productReference = 806446ED1A8EB6AA00877AF0 /* mAVrTests.xctest */;
			productType = "com.apple.product-type.bundle.unit-test";
		};
/* End PBXNativeTarget section */

/* Begin PBXProject section */
		806446CC1A8EB6A900877AF0 /* Project object */ = {
			isa = PBXProject;
			attributes = {
				LastUpgradeCheck = 0800;
				ORGANIZATIONNAME = "Vladimir Pirogov";
				TargetAttributes = {
					806446D31A8EB6AA00877AF0 = {
						CreatedOnToolsVersion = 6.1.1;
						DevelopmentTeam = QJWFZM7U34;
					};
					806446EC1A8EB6AA00877AF0 = {
						CreatedOnToolsVersion = 6.1.1;
						DevelopmentTeam = QJWFZM7U34;
						TestTargetID = 806446D31A8EB6AA00877AF0;
					};
				};
			};
			buildConfigurationList = 806446CF1A8EB6A900877AF0 /* Build configuration list for PBXProject "mAVr" */;
			compatibilityVersion = "Xcode 3.2";
			developmentRegion = English;
			hasScannedForEncodings = 0;
			knownRegions = (
				en,
				Base,
			);
			mainGroup = 806446CB1A8EB6A900877AF0;
			productRefGroup = 806446D51A8EB6AA00877AF0 /* Products */;
			projectDirPath = "";
			projectRoot = "";
			targets = (
				806446D31A8EB6AA00877AF0 /* mAVr */,
				806446EC1A8EB6AA00877AF0 /* mAVrTests */,
			);
		};
/* End PBXProject section */

/* Begin PBXResourcesBuildPhase section */
		806446D21A8EB6AA00877AF0 /* Resources */ = {
			isa = PBXResourcesBuildPhase;
			buildActionMask = 2147483647;
			files = (
				806446E31A8EB6AA00877AF0 /* Main.storyboard in Resources */,
				806446E81A8EB6AA00877AF0 /* LaunchScreen.xib in Resources */,
				806446E51A8EB6AA00877AF0 /* Images.xcassets in Resources */,
			);
			runOnlyForDeploymentPostprocessing = 0;
		};
		806446EB1A8EB6AA00877AF0 /* Resources */ = {
			isa = PBXResourcesBuildPhase;
			buildActionMask = 2147483647;
			files = (
			);
			runOnlyForDeploymentPostprocessing = 0;
		};
/* End PBXResourcesBuildPhase section */

/* Begin PBXShellScriptBuildPhase section */
		27F3BFF48BF03C724B2A32C5 /* Check Pods Manifest.lock */ = {
			isa = PBXShellScriptBuildPhase;
			buildActionMask = 2147483647;
			files = (
			);
			inputPaths = (
			);
			name = "Check Pods Manifest.lock";
			outputPaths = (
			);
			runOnlyForDeploymentPostprocessing = 0;
			shellPath = /bin/sh;
			shellScript = "diff \"${PODS_ROOT}/../Podfile.lock\" \"${PODS_ROOT}/Manifest.lock\" > /dev/null\nif [[ $? != 0 ]] ; then\n    cat << EOM\nerror: The sandbox is not in sync with the Podfile.lock. Run 'pod install' or update your CocoaPods installation.\nEOM\n    exit 1\nfi\n";
			showEnvVarsInLog = 0;
		};
		3D6B9153A6DD01B57F702643 /* Copy Pods Resources */ = {
			isa = PBXShellScriptBuildPhase;
			buildActionMask = 2147483647;
			files = (
			);
			inputPaths = (
			);
			name = "Copy Pods Resources";
			outputPaths = (
			);
			runOnlyForDeploymentPostprocessing = 0;
			shellPath = /bin/sh;
			shellScript = "\"${SRCROOT}/Pods/Target Support Files/Pods-mAVr/Pods-mAVr-resources.sh\"\n";
			showEnvVarsInLog = 0;
		};
/* End PBXShellScriptBuildPhase section */

/* Begin PBXSourcesBuildPhase section */
		806446D01A8EB6AA00877AF0 /* Sources */ = {
			isa = PBXSourcesBuildPhase;
			buildActionMask = 2147483647;
			files = (
				806446E01A8EB6AA00877AF0 /* ViewController.m in Sources */,
				803DF7AA1A9150ED00ED2181 /* MAVRMainView.m in Sources */,
				806446DD1A8EB6AA00877AF0 /* AppDelegate.m in Sources */,
				806446FF1A8EB76700877AF0 /* MAVRPlayer.m in Sources */,
				803DF7B01A92C06B00ED2181 /* MAVRUILoadingBar.m in Sources */,
				806446DA1A8EB6AA00877AF0 /* main.m in Sources */,
				803DF7A91A9150ED00ED2181 /* MAVRControlsView.m in Sources */,
				803DF7AE1A916CE900ED2181 /* MAVRUITimeline.m in Sources */,
			);
			runOnlyForDeploymentPostprocessing = 0;
		};
		806446E91A8EB6AA00877AF0 /* Sources */ = {
			isa = PBXSourcesBuildPhase;
			buildActionMask = 2147483647;
			files = (
				806446F41A8EB6AA00877AF0 /* mAVrTests.m in Sources */,
			);
			runOnlyForDeploymentPostprocessing = 0;
		};
/* End PBXSourcesBuildPhase section */

/* Begin PBXTargetDependency section */
		806446EF1A8EB6AA00877AF0 /* PBXTargetDependency */ = {
			isa = PBXTargetDependency;
			target = 806446D31A8EB6AA00877AF0 /* mAVr */;
			targetProxy = 806446EE1A8EB6AA00877AF0 /* PBXContainerItemProxy */;
		};
/* End PBXTargetDependency section */

/* Begin PBXVariantGroup section */
		806446E11A8EB6AA00877AF0 /* Main.storyboard */ = {
			isa = PBXVariantGroup;
			children = (
				806446E21A8EB6AA00877AF0 /* Base */,
			);
			name = Main.storyboard;
			sourceTree = "<group>";
		};
		806446E61A8EB6AA00877AF0 /* LaunchScreen.xib */ = {
			isa = PBXVariantGroup;
			children = (
				806446E71A8EB6AA00877AF0 /* Base */,
			);
			name = LaunchScreen.xib;
			sourceTree = "<group>";
		};
/* End PBXVariantGroup section */

/* Begin XCBuildConfiguration section */
		806446F51A8EB6AA00877AF0 /* Debug */ = {
			isa = XCBuildConfiguration;
			buildSettings = {
				ALWAYS_SEARCH_USER_PATHS = NO;
				CLANG_CXX_LANGUAGE_STANDARD = "gnu++0x";
				CLANG_CXX_LIBRARY = "libc++";
				CLANG_ENABLE_MODULES = YES;
				CLANG_ENABLE_OBJC_ARC = YES;
				CLANG_WARN_BOOL_CONVERSION = YES;
				CLANG_WARN_CONSTANT_CONVERSION = YES;
				CLANG_WARN_DIRECT_OBJC_ISA_USAGE = YES_ERROR;
				CLANG_WARN_EMPTY_BODY = YES;
				CLANG_WARN_ENUM_CONVERSION = YES;
				CLANG_WARN_INFINITE_RECURSION = YES;
				CLANG_WARN_INT_CONVERSION = YES;
				CLANG_WARN_OBJC_ROOT_CLASS = YES_ERROR;
				CLANG_WARN_SUSPICIOUS_MOVE = YES;
				CLANG_WARN_UNREACHABLE_CODE = YES;
				CLANG_WARN__DUPLICATE_METHOD_MATCH = YES;
				"CODE_SIGN_IDENTITY[sdk=iphoneos*]" = "iPhone Developer";
				COPY_PHASE_STRIP = NO;
				ENABLE_STRICT_OBJC_MSGSEND = YES;
				ENABLE_TESTABILITY = YES;
				GCC_C_LANGUAGE_STANDARD = gnu99;
				GCC_DYNAMIC_NO_PIC = NO;
				GCC_NO_COMMON_BLOCKS = YES;
				GCC_OPTIMIZATION_LEVEL = 0;
				GCC_PREPROCESSOR_DEFINITIONS = (
					"DEBUG=1",
					"$(inherited)",
				);
				GCC_SYMBOLS_PRIVATE_EXTERN = NO;
				GCC_WARN_64_TO_32_BIT_CONVERSION = YES;
				GCC_WARN_ABOUT_RETURN_TYPE = YES_ERROR;
				GCC_WARN_UNDECLARED_SELECTOR = YES;
				GCC_WARN_UNINITIALIZED_AUTOS = YES_AGGRESSIVE;
				GCC_WARN_UNUSED_FUNCTION = YES;
				GCC_WARN_UNUSED_VARIABLE = YES;
				IPHONEOS_DEPLOYMENT_TARGET = 8.1;
				MTL_ENABLE_DEBUG_INFO = YES;
				ONLY_ACTIVE_ARCH = YES;
				SDKROOT = iphoneos;
				TARGETED_DEVICE_FAMILY = "1,2";
			};
			name = Debug;
		};
		806446F61A8EB6AA00877AF0 /* Release */ = {
			isa = XCBuildConfiguration;
			buildSettings = {
				ALWAYS_SEARCH_USER_PATHS = NO;
				CLANG_CXX_LANGUAGE_STANDARD = "gnu++0x";
				CLANG_CXX_LIBRARY = "libc++";
				CLANG_ENABLE_MODULES = YES;
				CLANG_ENABLE_OBJC_ARC = YES;
				CLANG_WARN_BOOL_CONVERSION = YES;
				CLANG_WARN_CONSTANT_CONVERSION = YES;
				CLANG_WARN_DIRECT_OBJC_ISA_USAGE = YES_ERROR;
				CLANG_WARN_EMPTY_BODY = YES;
				CLANG_WARN_ENUM_CONVERSION = YES;
				CLANG_WARN_INFINITE_RECURSION = YES;
				CLANG_WARN_INT_CONVERSION = YES;
				CLANG_WARN_OBJC_ROOT_CLASS = YES_ERROR;
				CLANG_WARN_SUSPICIOUS_MOVE = YES;
				CLANG_WARN_UNREACHABLE_CODE = YES;
				CLANG_WARN__DUPLICATE_METHOD_MATCH = YES;
				"CODE_SIGN_IDENTITY[sdk=iphoneos*]" = "iPhone Developer";
				COPY_PHASE_STRIP = YES;
				ENABLE_NS_ASSERTIONS = NO;
				ENABLE_STRICT_OBJC_MSGSEND = YES;
				GCC_C_LANGUAGE_STANDARD = gnu99;
				GCC_NO_COMMON_BLOCKS = YES;
				GCC_WARN_64_TO_32_BIT_CONVERSION = YES;
				GCC_WARN_ABOUT_RETURN_TYPE = YES_ERROR;
				GCC_WARN_UNDECLARED_SELECTOR = YES;
				GCC_WARN_UNINITIALIZED_AUTOS = YES_AGGRESSIVE;
				GCC_WARN_UNUSED_FUNCTION = YES;
				GCC_WARN_UNUSED_VARIABLE = YES;
				IPHONEOS_DEPLOYMENT_TARGET = 8.1;
				MTL_ENABLE_DEBUG_INFO = NO;
				SDKROOT = iphoneos;
				TARGETED_DEVICE_FAMILY = "1,2";
				VALIDATE_PRODUCT = YES;
			};
			name = Release;
		};
		806446F81A8EB6AA00877AF0 /* Debug */ = {
			isa = XCBuildConfiguration;
			baseConfigurationReference = BF8C7C7206E54AFD630053DF /* Pods-mAVr.debug.xcconfig */;
			buildSettings = {
				ASSETCATALOG_COMPILER_APPICON_NAME = AppIcon;
				DEVELOPMENT_TEAM = QJWFZM7U34;
				INFOPLIST_FILE = mAVr/Info.plist;
				LD_RUNPATH_SEARCH_PATHS = "$(inherited) @executable_path/Frameworks";
				PRODUCT_BUNDLE_IDENTIFIER = "com.arealista.$(PRODUCT_NAME:rfc1034identifier)";
				PRODUCT_NAME = "$(TARGET_NAME)";
			};
			name = Debug;
		};
		806446F91A8EB6AA00877AF0 /* Release */ = {
			isa = XCBuildConfiguration;
			baseConfigurationReference = 09C55B5585F7BD43DF057B11 /* Pods-mAVr.release.xcconfig */;
			buildSettings = {
				ASSETCATALOG_COMPILER_APPICON_NAME = AppIcon;
				DEVELOPMENT_TEAM = QJWFZM7U34;
				INFOPLIST_FILE = mAVr/Info.plist;
				LD_RUNPATH_SEARCH_PATHS = "$(inherited) @executable_path/Frameworks";
				ONLY_ACTIVE_ARCH = YES;
				PRODUCT_BUNDLE_IDENTIFIER = "com.arealista.$(PRODUCT_NAME:rfc1034identifier)";
				PRODUCT_NAME = "$(TARGET_NAME)";
			};
			name = Release;
		};
		806446FB1A8EB6AA00877AF0 /* Debug */ = {
			isa = XCBuildConfiguration;
			buildSettings = {
				BUNDLE_LOADER = "$(TEST_HOST)";
				DEVELOPMENT_TEAM = QJWFZM7U34;
				FRAMEWORK_SEARCH_PATHS = (
					"$(SDKROOT)/Developer/Library/Frameworks",
					"$(inherited)",
				);
				GCC_PREPROCESSOR_DEFINITIONS = (
					"DEBUG=1",
					"$(inherited)",
				);
				INFOPLIST_FILE = mAVrTests/Info.plist;
				LD_RUNPATH_SEARCH_PATHS = "$(inherited) @executable_path/Frameworks @loader_path/Frameworks";
				PRODUCT_BUNDLE_IDENTIFIER = "com.arealista.$(PRODUCT_NAME:rfc1034identifier)";
				PRODUCT_NAME = "$(TARGET_NAME)";
				TEST_HOST = "$(BUILT_PRODUCTS_DIR)/mAVr.app/mAVr";
			};
			name = Debug;
		};
		806446FC1A8EB6AA00877AF0 /* Release */ = {
			isa = XCBuildConfiguration;
			buildSettings = {
				BUNDLE_LOADER = "$(TEST_HOST)";
				DEVELOPMENT_TEAM = QJWFZM7U34;
				FRAMEWORK_SEARCH_PATHS = (
					"$(SDKROOT)/Developer/Library/Frameworks",
					"$(inherited)",
				);
				INFOPLIST_FILE = mAVrTests/Info.plist;
				LD_RUNPATH_SEARCH_PATHS = "$(inherited) @executable_path/Frameworks @loader_path/Frameworks";
				PRODUCT_BUNDLE_IDENTIFIER = "com.arealista.$(PRODUCT_NAME:rfc1034identifier)";
				PRODUCT_NAME = "$(TARGET_NAME)";
				TEST_HOST = "$(BUILT_PRODUCTS_DIR)/mAVr.app/mAVr";
			};
			name = Release;
		};
/* End XCBuildConfiguration section */

/* Begin XCConfigurationList section */
		806446CF1A8EB6A900877AF0 /* Build configuration list for PBXProject "mAVr" */ = {
			isa = XCConfigurationList;
			buildConfigurations = (
				806446F51A8EB6AA00877AF0 /* Debug */,
				806446F61A8EB6AA00877AF0 /* Release */,
			);
			defaultConfigurationIsVisible = 0;
			defaultConfigurationName = Release;
		};
		806446F71A8EB6AA00877AF0 /* Build configuration list for PBXNativeTarget "mAVr" */ = {
			isa = XCConfigurationList;
			buildConfigurations = (
				806446F81A8EB6AA00877AF0 /* Debug */,
				806446F91A8EB6AA00877AF0 /* Release */,
			);
			defaultConfigurationIsVisible = 0;
			defaultConfigurationName = Release;
		};
		806446FA1A8EB6AA00877AF0 /* Build configuration list for PBXNativeTarget "mAVrTests" */ = {
			isa = XCConfigurationList;
			buildConfigurations = (
				806446FB1A8EB6AA00877AF0 /* Debug */,
				806446FC1A8EB6AA00877AF0 /* Release */,
			);
			defaultConfigurationIsVisible = 0;
			defaultConfigurationName = Release;
		};
/* End XCConfigurationList section */
	};
	rootObject = 806446CC1A8EB6A900877AF0 /* Project object */;
}
